
Microsoft Visual Studio Solution File, Format Version 12.00
# Visual Studio 15
VisualStudioVersion = 15.0.28010.2036
MinimumVisualStudioVersion = 10.0.40219.1
Project("{FAE04EC0-301F-11D3-BF4B-00C04F79EFBC}") = "HappyNumbers.Domain", "HappyNumbers.Domain\HappyNumbers.Domain.csproj", "{CCF0CCA2-F177-421B-9888-563BC2EB0C22}"
EndProject
Project("{FAE04EC0-301F-11D3-BF4B-00C04F79EFBC}") = "HappyNumbers.Tests", "HappyNumbers.Tests\HappyNumbers.Tests.csproj", "{813F8483-FF84-4772-9765-F83D1E8D6E14}"
EndProject
Global
	GlobalSection(SolutionConfigurationPlatforms) = preSolution
		Debug|Any CPU = Debug|Any CPU
		Release|Any CPU = Release|Any CPU
	EndGlobalSection
	GlobalSection(ProjectConfigurationPlatforms) = postSolution
		{CCF0CCA2-F177-421B-9888-563BC2EB0C22}.Debug|Any CPU.ActiveCfg = Debug|Any CPU
		{CCF0CCA2-F177-421B-9888-563BC2EB0C22}.Debug|Any CPU.Build.0 = Debug|Any CPU
		{CCF0CCA2-F177-421B-9888-563BC2EB0C22}.Release|Any CPU.ActiveCfg = Release|Any CPU
		{CCF0CCA2-F177-421B-9888-563BC2EB0C22}.Release|Any CPU.Build.0 = Release|Any CPU
		{813F8483-FF84-4772-9765-F83D1E8D6E14}.Debug|Any CPU.ActiveCfg = Debug|Any CPU
		{813F8483-FF84-4772-9765-F83D1E8D6E14}.Debug|Any CPU.Build.0 = Debug|Any CPU
		{813F8483-FF84-4772-9765-F83D1E8D6E14}.Release|Any CPU.ActiveCfg = Release|Any CPU
		{813F8483-FF84-4772-9765-F83D1E8D6E14}.Release|Any CPU.Build.0 = Release|Any CPU
	EndGlobalSection
	GlobalSection(SolutionProperties) = preSolution
		HideSolutionNode = FALSE
	EndGlobalSection
	GlobalSection(ExtensibilityGlobals) = postSolution
		SolutionGuid = {1CE7A852-D9CD-471B-8185-3C6E3C4ED3B5}
	EndGlobalSection
EndGlobal
